
Microsoft Visual Studio Solution File, Format Version 12.00
# Visual Studio Version 17
VisualStudioVersion = 17.14.36121.58 d17.14
MinimumVisualStudioVersion = 10.0.40219.1
Project("{E24C65DC-7377-472B-9ABA-BC803B73C61A}") = "QL_THU_VIEN_KG", "QL_THU_VIEN_KG\", "{E4A9E104-D22D-A569-843F-708B4A3A926A}"
	ProjectSection(WebsiteProperties) = preProject
		TargetFrameworkMoniker = ".NETFramework,Version%3Dv4.7.2"
		Debug.AspNetCompiler.VirtualPath = "/localhost_52384"
		Debug.AspNetCompiler.PhysicalPath = "QL_THU_VIEN_KG\"
		Debug.AspNetCompiler.TargetPath = "PrecompiledWeb\localhost_52384\"
		Debug.AspNetCompiler.Updateable = "true"
		Debug.AspNetCompiler.ForceOverwrite = "true"
		Debug.AspNetCompiler.FixedNames = "false"
		Debug.AspNetCompiler.Debug = "True"
		Release.AspNetCompiler.VirtualPath = "/localhost_52384"
		Release.AspNetCompiler.PhysicalPath = "QL_THU_VIEN_KG\"
		Release.AspNetCompiler.TargetPath = "PrecompiledWeb\localhost_52384\"
		Release.AspNetCompiler.Updateable = "true"
		Release.AspNetCompiler.ForceOverwrite = "true"
		Release.AspNetCompiler.FixedNames = "false"
		Release.AspNetCompiler.Debug = "False"
		VWDPort = "52384"
		SlnRelativePath = "QL_THU_VIEN_KG\"
		DefaultWebSiteLanguage = "Visual C#"
	EndProjectSection
EndProject
Global
	GlobalSection(SolutionConfigurationPlatforms) = preSolution
		Debug|Any CPU = Debug|Any CPU
	EndGlobalSection
	GlobalSection(ProjectConfigurationPlatforms) = postSolution
		{E4A9E104-D22D-A569-843F-708B4A3A926A}.Debug|Any CPU.ActiveCfg = Debug|Any CPU
		{E4A9E104-D22D-A569-843F-708B4A3A926A}.Debug|Any CPU.Build.0 = Debug|Any CPU
	EndGlobalSection
	GlobalSection(SolutionProperties) = preSolution
		HideSolutionNode = FALSE
	EndGlobalSection
	GlobalSection(ExtensibilityGlobals) = postSolution
		SolutionGuid = {25A56E07-35B4-42E5-AFAB-5DFBE22296A1}
	EndGlobalSection
EndGlobal
